
Microsoft Visual Studio Solution File, Format Version 12.00
# Visual Studio 2013
VisualStudioVersion = 12.0.31101.0
MinimumVisualStudioVersion = 10.0.40219.1
Project("{FAE04EC0-301F-11D3-BF4B-00C04F79EFBC}") = "NTranslate.Demo", "NTranslate.Demo\NTranslate.Demo.csproj", "{D541AEE7-D54A-4F2B-B82F-E9B7993FFFD4}"
EndProject
Project("{FAE04EC0-301F-11D3-BF4B-00C04F79EFBC}") = "NTranslate", "NTranslate\NTranslate.csproj", "{53A2640D-3B3B-413D-808B-0B508E99F1D9}"
EndProject
Project("{FAE04EC0-301F-11D3-BF4B-00C04F79EFBC}") = "NTranslate.App", "NTranslate.App\NTranslate.App.csproj", "{1F211D5D-9222-47B3-B378-D168F1A39FF8}"
EndProject
Global
	GlobalSection(SolutionConfigurationPlatforms) = preSolution
		Debug|Any CPU = Debug|Any CPU
		Release|Any CPU = Release|Any CPU
	EndGlobalSection
	GlobalSection(ProjectConfigurationPlatforms) = postSolution
		{D541AEE7-D54A-4F2B-B82F-E9B7993FFFD4}.Debug|Any CPU.ActiveCfg = Debug|Any CPU
		{D541AEE7-D54A-4F2B-B82F-E9B7993FFFD4}.Debug|Any CPU.Build.0 = Debug|Any CPU
		{D541AEE7-D54A-4F2B-B82F-E9B7993FFFD4}.Release|Any CPU.ActiveCfg = Release|Any CPU
		{D541AEE7-D54A-4F2B-B82F-E9B7993FFFD4}.Release|Any CPU.Build.0 = Release|Any CPU
		{53A2640D-3B3B-413D-808B-0B508E99F1D9}.Debug|Any CPU.ActiveCfg = Debug|Any CPU
		{53A2640D-3B3B-413D-808B-0B508E99F1D9}.Debug|Any CPU.Build.0 = Debug|Any CPU
		{53A2640D-3B3B-413D-808B-0B508E99F1D9}.Release|Any CPU.ActiveCfg = Release|Any CPU
		{53A2640D-3B3B-413D-808B-0B508E99F1D9}.Release|Any CPU.Build.0 = Release|Any CPU
		{1F211D5D-9222-47B3-B378-D168F1A39FF8}.Debug|Any CPU.ActiveCfg = Debug|Any CPU
		{1F211D5D-9222-47B3-B378-D168F1A39FF8}.Debug|Any CPU.Build.0 = Debug|Any CPU
		{1F211D5D-9222-47B3-B378-D168F1A39FF8}.Release|Any CPU.ActiveCfg = Release|Any CPU
		{1F211D5D-9222-47B3-B378-D168F1A39FF8}.Release|Any CPU.Build.0 = Release|Any CPU
	EndGlobalSection
	GlobalSection(SolutionProperties) = preSolution
		HideSolutionNode = FALSE
	EndGlobalSection
EndGlobal
